
Microsoft Visual Studio Solution File, Format Version 12.00
# Visual Studio Version 17
VisualStudioVersion = 17.9.34723.18
MinimumVisualStudioVersion = 10.0.40219.1
Project("{FAE04EC0-301F-11D3-BF4B-00C04F79EFBC}") = "Kromi.Api", "Kromi.Api\Kromi.Api.csproj", "{A89E5B82-E131-44C7-8450-B8A7EE866839}"
EndProject
Project("{FAE04EC0-301F-11D3-BF4B-00C04F79EFBC}") = "Kromi.Domain", "Kromi.Domain\Kromi.Domain.csproj", "{61B6656C-7687-4AF4-98E5-A7B7FD240FB4}"
EndProject
Project("{FAE04EC0-301F-11D3-BF4B-00C04F79EFBC}") = "Kromi.Application", "Kromi.Application\Kromi.Application.csproj", "{6B344E68-E770-441C-A744-D11A4A1D0A36}"
EndProject
Project("{FAE04EC0-301F-11D3-BF4B-00C04F79EFBC}") = "Kromi.Infrastructure", "Kromi.Infrastructure\Kromi.Infrastructure.csproj", "{B1D2549F-8AF0-4F9A-BB9C-0412C699E826}"
EndProject
Project("{FAE04EC0-301F-11D3-BF4B-00C04F79EFBC}") = "Kromi.Test", "Kromi.Test\Kromi.Test.csproj", "{D2921B53-8941-45F9-AA6D-784ABF9B4211}"
EndProject
Global
	GlobalSection(SolutionConfigurationPlatforms) = preSolution
		Debug|Any CPU = Debug|Any CPU
		Release|Any CPU = Release|Any CPU
	EndGlobalSection
	GlobalSection(ProjectConfigurationPlatforms) = postSolution
		{A89E5B82-E131-44C7-8450-B8A7EE866839}.Debug|Any CPU.ActiveCfg = Debug|Any CPU
		{A89E5B82-E131-44C7-8450-B8A7EE866839}.Debug|Any CPU.Build.0 = Debug|Any CPU
		{A89E5B82-E131-44C7-8450-B8A7EE866839}.Release|Any CPU.ActiveCfg = Release|Any CPU
		{A89E5B82-E131-44C7-8450-B8A7EE866839}.Release|Any CPU.Build.0 = Release|Any CPU
		{61B6656C-7687-4AF4-98E5-A7B7FD240FB4}.Debug|Any CPU.ActiveCfg = Debug|Any CPU
		{61B6656C-7687-4AF4-98E5-A7B7FD240FB4}.Debug|Any CPU.Build.0 = Debug|Any CPU
		{61B6656C-7687-4AF4-98E5-A7B7FD240FB4}.Release|Any CPU.ActiveCfg = Release|Any CPU
		{61B6656C-7687-4AF4-98E5-A7B7FD240FB4}.Release|Any CPU.Build.0 = Release|Any CPU
		{6B344E68-E770-441C-A744-D11A4A1D0A36}.Debug|Any CPU.ActiveCfg = Debug|Any CPU
		{6B344E68-E770-441C-A744-D11A4A1D0A36}.Debug|Any CPU.Build.0 = Debug|Any CPU
		{6B344E68-E770-441C-A744-D11A4A1D0A36}.Release|Any CPU.ActiveCfg = Release|Any CPU
		{6B344E68-E770-441C-A744-D11A4A1D0A36}.Release|Any CPU.Build.0 = Release|Any CPU
		{B1D2549F-8AF0-4F9A-BB9C-0412C699E826}.Debug|Any CPU.ActiveCfg = Debug|Any CPU
		{B1D2549F-8AF0-4F9A-BB9C-0412C699E826}.Debug|Any CPU.Build.0 = Debug|Any CPU
		{B1D2549F-8AF0-4F9A-BB9C-0412C699E826}.Release|Any CPU.ActiveCfg = Release|Any CPU
		{B1D2549F-8AF0-4F9A-BB9C-0412C699E826}.Release|Any CPU.Build.0 = Release|Any CPU
		{D2921B53-8941-45F9-AA6D-784ABF9B4211}.Debug|Any CPU.ActiveCfg = Debug|Any CPU
		{D2921B53-8941-45F9-AA6D-784ABF9B4211}.Debug|Any CPU.Build.0 = Debug|Any CPU
		{D2921B53-8941-45F9-AA6D-784ABF9B4211}.Release|Any CPU.ActiveCfg = Release|Any CPU
		{D2921B53-8941-45F9-AA6D-784ABF9B4211}.Release|Any CPU.Build.0 = Release|Any CPU
	EndGlobalSection
	GlobalSection(SolutionProperties) = preSolution
		HideSolutionNode = FALSE
	EndGlobalSection
	GlobalSection(ExtensibilityGlobals) = postSolution
		SolutionGuid = {4B04B327-892F-48DF-829F-E420E778E625}
	EndGlobalSection
EndGlobal
